
Microsoft Visual Studio Solution File, Format Version 12.00
# Visual Studio Version 17
VisualStudioVersion = 17.5.33424.131
MinimumVisualStudioVersion = 10.0.40219.1
Project("{FAE04EC0-301F-11D3-BF4B-00C04F79EFBC}") = "Insert_Dropdown_Checkbox_Value_Into_DataBase_In_Asp.Net", "Insert_Dropdown_Checkbox_Value_Into_DataBase_In_Asp.Net\Insert_Dropdown_Checkbox_Value_Into_DataBase_In_Asp.Net.csproj", "{F9863362-841B-4012-8846-0D249FABDFE5}"
EndProject
Global
	GlobalSection(SolutionConfigurationPlatforms) = preSolution
		Debug|Any CPU = Debug|Any CPU
		Release|Any CPU = Release|Any CPU
	EndGlobalSection
	GlobalSection(ProjectConfigurationPlatforms) = postSolution
		{F9863362-841B-4012-8846-0D249FABDFE5}.Debug|Any CPU.ActiveCfg = Debug|Any CPU
		{F9863362-841B-4012-8846-0D249FABDFE5}.Debug|Any CPU.Build.0 = Debug|Any CPU
		{F9863362-841B-4012-8846-0D249FABDFE5}.Release|Any CPU.ActiveCfg = Release|Any CPU
		{F9863362-841B-4012-8846-0D249FABDFE5}.Release|Any CPU.Build.0 = Release|Any CPU
	EndGlobalSection
	GlobalSection(SolutionProperties) = preSolution
		HideSolutionNode = FALSE
	EndGlobalSection
	GlobalSection(ExtensibilityGlobals) = postSolution
		SolutionGuid = {EF0D3345-8528-4976-A75F-BB09C17C7EF6}
	EndGlobalSection
EndGlobal
